
Microsoft Visual Studio Solution File, Format Version 12.00
# Visual Studio Version 16
VisualStudioVersion = 16.0.29215.179
MinimumVisualStudioVersion = 10.0.40219.1
Project("{FAE04EC0-301F-11D3-BF4B-00C04F79EFBC}") = "FirstCoreAPP", "FirstCoreAPP\FirstCoreAPP.csproj", "{134EB814-7444-4141-8715-526B10D57035}"
EndProject
Global
	GlobalSection(SolutionConfigurationPlatforms) = preSolution
		Debug|Any CPU = Debug|Any CPU
		Release|Any CPU = Release|Any CPU
	EndGlobalSection
	GlobalSection(ProjectConfigurationPlatforms) = postSolution
		{134EB814-7444-4141-8715-526B10D57035}.Debug|Any CPU.ActiveCfg = Debug|Any CPU
		{134EB814-7444-4141-8715-526B10D57035}.Debug|Any CPU.Build.0 = Debug|Any CPU
		{134EB814-7444-4141-8715-526B10D57035}.Release|Any CPU.ActiveCfg = Release|Any CPU
		{134EB814-7444-4141-8715-526B10D57035}.Release|Any CPU.Build.0 = Release|Any CPU
	EndGlobalSection
	GlobalSection(SolutionProperties) = preSolution
		HideSolutionNode = FALSE
	EndGlobalSection
	GlobalSection(ExtensibilityGlobals) = postSolution
		SolutionGuid = {DC3F00E3-E5C5-46FA-AE57-6AC4B9A7C517}
	EndGlobalSection
EndGlobal
